{
  "name": "@ysicing/plane-cli",
  "version": "1.1.1",
  "lockfileVersion": 3,
  "requires": true,
  "packages": {
    "": {
      "name": "@ysicing/plane-cli",
      "version": "1.1.1",
      "hasInstallScript": true,
      "license": "UNLICENSED",
      "dependencies": {
        "commander": "^14.0.1"
      },
      "bin": {
        "plane": "src/cli.js"
      },
      "engines": {
        "node": ">=22.0.0"
      }
    },
    "node_modules/commander": {
      "version": "14.0.1",
      "resolved": "https://mirrors.cloud.tencent.com/npm/commander/-/commander-14.0.1.tgz",
      "integrity": "sha512-2JkV3gUZUVrbNA+1sjBOYLsMZ5cEEl8GTFP2a4AVz5hvasAMCQ1D2l2le/cX+pV4N6ZU17zjUahLpIXRrnWL8A==",
      "license": "MIT",
      "engines": {
        "node": ">=20"
      }
    }
  }
}
